// !$*UTF8*$!
{
	archiveVersion = 1;
	classes = {
	};
	objectVersion = 56;
	objects = {

/* Begin PBXBuildFile section */
		03339ABB17648315AE5D3624 /* Pods_Dr_Gourmet_swiftUITests.framework in Frameworks */ = {isa = PBXBuildFile; fileRef = 9CF7FF70DEA53A433B62392F /* Pods_Dr_Gourmet_swiftUITests.framework */; };
		3D1A978928F7103000731D45 /* AppDelegate.swift in Sources */ = {isa = PBXBuildFile; fileRef = 3D1A978828F7103000731D45 /* AppDelegate.swift */; };
		3D67061928F5CA1100A84692 /* Dr_Gourmet_swiftUIApp.swift in Sources */ = {isa = PBXBuildFile; fileRef = 3D67061828F5CA1100A84692 /* Dr_Gourmet_swiftUIApp.swift */; };
		3D67061B28F5CA1100A84692 /* HomeView.swift in Sources */ = {isa = PBXBuildFile; fileRef = 3D67061A28F5CA1100A84692 /* HomeView.swift */; };
		3D67061D28F5CA1200A84692 /* Assets.xcassets in Resources */ = {isa = PBXBuildFile; fileRef = 3D67061C28F5CA1200A84692 /* Assets.xcassets */; };
		3D67062028F5CA1200A84692 /* Preview Assets.xcassets in Resources */ = {isa = PBXBuildFile; fileRef = 3D67061F28F5CA1200A84692 /* Preview Assets.xcassets */; };
		3D67062A28F5CA1200A84692 /* Dr_Gourmet_swiftUITests.swift in Sources */ = {isa = PBXBuildFile; fileRef = 3D67062928F5CA1200A84692 /* Dr_Gourmet_swiftUITests.swift */; };
		3D67063428F5CA1200A84692 /* Dr_Gourmet_swiftUIUITests.swift in Sources */ = {isa = PBXBuildFile; fileRef = 3D67063328F5CA1200A84692 /* Dr_Gourmet_swiftUIUITests.swift */; };
		3D67063628F5CA1200A84692 /* Dr_Gourmet_swiftUIUITestsLaunchTests.swift in Sources */ = {isa = PBXBuildFile; fileRef = 3D67063528F5CA1200A84692 /* Dr_Gourmet_swiftUIUITestsLaunchTests.swift */; };
		3D67064328F5CA4600A84692 /* PlaceListView.swift in Sources */ = {isa = PBXBuildFile; fileRef = 3D67064228F5CA4600A84692 /* PlaceListView.swift */; };
		3D67064528F5CAB600A84692 /* PlaceListViewModel.swift in Sources */ = {isa = PBXBuildFile; fileRef = 3D67064428F5CAB600A84692 /* PlaceListViewModel.swift */; };
		3D67064828F5CD5600A84692 /* Place.swift in Sources */ = {isa = PBXBuildFile; fileRef = 3D67064728F5CD5600A84692 /* Place.swift */; };
		3D67064B28F5D36A00A84692 /* PlaceCell.swift in Sources */ = {isa = PBXBuildFile; fileRef = 3D67064A28F5D36A00A84692 /* PlaceCell.swift */; };
		3DB3CD2228F6733E0030F3A3 /* PlaceDetailViewModel.swift in Sources */ = {isa = PBXBuildFile; fileRef = 3DB3CD2128F6733E0030F3A3 /* PlaceDetailViewModel.swift */; };
		3DB3CD2428F674CF0030F3A3 /* PlaceDetailView.swift in Sources */ = {isa = PBXBuildFile; fileRef = 3DB3CD2328F674CF0030F3A3 /* PlaceDetailView.swift */; };
		3DB3CD2728F692100030F3A3 /* NewPlaceView.swift in Sources */ = {isa = PBXBuildFile; fileRef = 3DB3CD2628F692100030F3A3 /* NewPlaceView.swift */; };
		3DB3CD2928F695060030F3A3 /* NewPlaceModel.swift in Sources */ = {isa = PBXBuildFile; fileRef = 3DB3CD2828F695060030F3A3 /* NewPlaceModel.swift */; };
		3DB3CD2C28F6AA6B0030F3A3 /* StarButton.swift in Sources */ = {isa = PBXBuildFile; fileRef = 3DB3CD2B28F6AA6B0030F3A3 /* StarButton.swift */; };
		3DE9B536290047FC00578BAE /* NanumSquareEB.ttf in Resources */ = {isa = PBXBuildFile; fileRef = 3DE9B535290047FC00578BAE /* NanumSquareEB.ttf */; };
		3DE9B537290047FC00578BAE /* NanumSquareEB.ttf in Resources */ = {isa = PBXBuildFile; fileRef = 3DE9B535290047FC00578BAE /* NanumSquareEB.ttf */; };
		3DE9B538290047FC00578BAE /* NanumSquareEB.ttf in Resources */ = {isa = PBXBuildFile; fileRef = 3DE9B535290047FC00578BAE /* NanumSquareEB.ttf */; };
		3DFED59F28FFE70D00693204 /* NanumSquareR.ttf in Resources */ = {isa = PBXBuildFile; fileRef = 3DFED59E28FFE70D00693204 /* NanumSquareR.ttf */; };
		3DFED5A028FFE70D00693204 /* NanumSquareR.ttf in Resources */ = {isa = PBXBuildFile; fileRef = 3DFED59E28FFE70D00693204 /* NanumSquareR.ttf */; };
		3DFED5A128FFE70D00693204 /* NanumSquareR.ttf in Resources */ = {isa = PBXBuildFile; fileRef = 3DFED59E28FFE70D00693204 /* NanumSquareR.ttf */; };
		3DFED5A328FFE75800693204 /* NanumSquareB.ttf in Resources */ = {isa = PBXBuildFile; fileRef = 3DFED5A228FFE75800693204 /* NanumSquareB.ttf */; };
		3DFED5A428FFE75800693204 /* NanumSquareB.ttf in Resources */ = {isa = PBXBuildFile; fileRef = 3DFED5A228FFE75800693204 /* NanumSquareB.ttf */; };
		3DFED5A528FFE75800693204 /* NanumSquareB.ttf in Resources */ = {isa = PBXBuildFile; fileRef = 3DFED5A228FFE75800693204 /* NanumSquareB.ttf */; };
		3DFED5A628FFE8BA00693204 /* Jalnan.ttf in Resources */ = {isa = PBXBuildFile; fileRef = 3DFED59D28FFE6F200693204 /* Jalnan.ttf */; };
		3DFED5A728FFE8BB00693204 /* Jalnan.ttf in Resources */ = {isa = PBXBuildFile; fileRef = 3DFED59D28FFE6F200693204 /* Jalnan.ttf */; };
		3DFED5A828FFE8BB00693204 /* Jalnan.ttf in Resources */ = {isa = PBXBuildFile; fileRef = 3DFED59D28FFE6F200693204 /* Jalnan.ttf */; };
		3DFF99F42902C7030023D772 /* HancomMalangMalang-Bold.ttf in Resources */ = {isa = PBXBuildFile; fileRef = 3DFF99F32902C7030023D772 /* HancomMalangMalang-Bold.ttf */; };
		3DFF99F52902C7030023D772 /* HancomMalangMalang-Bold.ttf in Resources */ = {isa = PBXBuildFile; fileRef = 3DFF99F32902C7030023D772 /* HancomMalangMalang-Bold.ttf */; };
		3DFF99F62902C7030023D772 /* HancomMalangMalang-Bold.ttf in Resources */ = {isa = PBXBuildFile; fileRef = 3DFF99F32902C7030023D772 /* HancomMalangMalang-Bold.ttf */; };
		3DFF99FC2902CD690023D772 /* LaunchView.swift in Sources */ = {isa = PBXBuildFile; fileRef = 3DFF99FB2902CD690023D772 /* LaunchView.swift */; };
		3DFF99FD2902CD690023D772 /* LaunchView.swift in Sources */ = {isa = PBXBuildFile; fileRef = 3DFF99FB2902CD690023D772 /* LaunchView.swift */; };
		3DFF99FE2902CD690023D772 /* LaunchView.swift in Sources */ = {isa = PBXBuildFile; fileRef = 3DFF99FB2902CD690023D772 /* LaunchView.swift */; };
		A75D2A2BEEAB5970BDED0363 /* Pods_Dr_Gourmet_swiftUI_Dr_Gourmet_swiftUIUITests.framework in Frameworks */ = {isa = PBXBuildFile; fileRef = BA8EA94E5260AC10217D0FBA /* Pods_Dr_Gourmet_swiftUI_Dr_Gourmet_swiftUIUITests.framework */; };
		EDFAD697D106BD08D5CE9332 /* Pods_Dr_Gourmet_swiftUI.framework in Frameworks */ = {isa = PBXBuildFile; fileRef = 91E00AB54C7B1190469FB3F7 /* Pods_Dr_Gourmet_swiftUI.framework */; };
/* End PBXBuildFile section */

/* Begin PBXContainerItemProxy section */
		3D67062628F5CA1200A84692 /* PBXContainerItemProxy */ = {
			isa = PBXContainerItemProxy;
			containerPortal = 3D67060D28F5CA1100A84692 /* Project object */;
			proxyType = 1;
			remoteGlobalIDString = 3D67061428F5CA1100A84692;
			remoteInfo = Dr.Gourmet.swiftUI;
		};
		3D67063028F5CA1200A84692 /* PBXContainerItemProxy */ = {
			isa = PBXContainerItemProxy;
			containerPortal = 3D67060D28F5CA1100A84692 /* Project object */;
			proxyType = 1;
			remoteGlobalIDString = 3D67061428F5CA1100A84692;
			remoteInfo = Dr.Gourmet.swiftUI;
		};
/* End PBXContainerItemProxy section */

/* Begin PBXFileReference section */
		29693C5A3DDAFE2AF04970DC /* Pods-Dr.Gourmet.swiftUITests.release.xcconfig */ = {isa = PBXFileReference; includeInIndex = 1; lastKnownFileType = text.xcconfig; name = "Pods-Dr.Gourmet.swiftUITests.release.xcconfig"; path = "Target Support Files/Pods-Dr.Gourmet.swiftUITests/Pods-Dr.Gourmet.swiftUITests.release.xcconfig"; sourceTree = "<group>"; };
		3D1A978828F7103000731D45 /* AppDelegate.swift */ = {isa = PBXFileReference; lastKnownFileType = sourcecode.swift; path = AppDelegate.swift; sourceTree = "<group>"; };
		3D4827FB28F7F5CB0079F67E /* Dr.Gourmet.swiftUI-Bridging-Header.h */ = {isa = PBXFileReference; lastKnownFileType = sourcecode.c.h; path = "Dr.Gourmet.swiftUI-Bridging-Header.h"; sourceTree = "<group>"; };
		3D67061528F5CA1100A84692 /* Dr.Gourmet.swiftUI.app */ = {isa = PBXFileReference; explicitFileType = wrapper.application; includeInIndex = 0; path = Dr.Gourmet.swiftUI.app; sourceTree = BUILT_PRODUCTS_DIR; };
		3D67061828F5CA1100A84692 /* Dr_Gourmet_swiftUIApp.swift */ = {isa = PBXFileReference; lastKnownFileType = sourcecode.swift; path = Dr_Gourmet_swiftUIApp.swift; sourceTree = "<group>"; };
		3D67061A28F5CA1100A84692 /* HomeView.swift */ = {isa = PBXFileReference; lastKnownFileType = sourcecode.swift; path = HomeView.swift; sourceTree = "<group>"; };
		3D67061C28F5CA1200A84692 /* Assets.xcassets */ = {isa = PBXFileReference; lastKnownFileType = folder.assetcatalog; path = Assets.xcassets; sourceTree = "<group>"; };
		3D67061F28F5CA1200A84692 /* Preview Assets.xcassets */ = {isa = PBXFileReference; lastKnownFileType = folder.assetcatalog; path = "Preview Assets.xcassets"; sourceTree = "<group>"; };
		3D67062528F5CA1200A84692 /* Dr.Gourmet.swiftUITests.xctest */ = {isa = PBXFileReference; explicitFileType = wrapper.cfbundle; includeInIndex = 0; path = Dr.Gourmet.swiftUITests.xctest; sourceTree = BUILT_PRODUCTS_DIR; };
		3D67062928F5CA1200A84692 /* Dr_Gourmet_swiftUITests.swift */ = {isa = PBXFileReference; lastKnownFileType = sourcecode.swift; path = Dr_Gourmet_swiftUITests.swift; sourceTree = "<group>"; };
		3D67062F28F5CA1200A84692 /* Dr.Gourmet.swiftUIUITests.xctest */ = {isa = PBXFileReference; explicitFileType = wrapper.cfbundle; includeInIndex = 0; path = Dr.Gourmet.swiftUIUITests.xctest; sourceTree = BUILT_PRODUCTS_DIR; };
		3D67063328F5CA1200A84692 /* Dr_Gourmet_swiftUIUITests.swift */ = {isa = PBXFileReference; lastKnownFileType = sourcecode.swift; path = Dr_Gourmet_swiftUIUITests.swift; sourceTree = "<group>"; };
		3D67063528F5CA1200A84692 /* Dr_Gourmet_swiftUIUITestsLaunchTests.swift */ = {isa = PBXFileReference; lastKnownFileType = sourcecode.swift; path = Dr_Gourmet_swiftUIUITestsLaunchTests.swift; sourceTree = "<group>"; };
		3D67064228F5CA4600A84692 /* PlaceListView.swift */ = {isa = PBXFileReference; lastKnownFileType = sourcecode.swift; path = PlaceListView.swift; sourceTree = "<group>"; };
		3D67064428F5CAB600A84692 /* PlaceListViewModel.swift */ = {isa = PBXFileReference; lastKnownFileType = sourcecode.swift; path = PlaceListViewModel.swift; sourceTree = "<group>"; };
		3D67064728F5CD5600A84692 /* Place.swift */ = {isa = PBXFileReference; lastKnownFileType = sourcecode.swift; path = Place.swift; sourceTree = "<group>"; };
		3D67064A28F5D36A00A84692 /* PlaceCell.swift */ = {isa = PBXFileReference; lastKnownFileType = sourcecode.swift; path = PlaceCell.swift; sourceTree = "<group>"; };
		3DB3CD2128F6733E0030F3A3 /* PlaceDetailViewModel.swift */ = {isa = PBXFileReference; lastKnownFileType = sourcecode.swift; path = PlaceDetailViewModel.swift; sourceTree = "<group>"; };
		3DB3CD2328F674CF0030F3A3 /* PlaceDetailView.swift */ = {isa = PBXFileReference; lastKnownFileType = sourcecode.swift; path = PlaceDetailView.swift; sourceTree = "<group>"; };
		3DB3CD2628F692100030F3A3 /* NewPlaceView.swift */ = {isa = PBXFileReference; lastKnownFileType = sourcecode.swift; path = NewPlaceView.swift; sourceTree = "<group>"; };
		3DB3CD2828F695060030F3A3 /* NewPlaceModel.swift */ = {isa = PBXFileReference; lastKnownFileType = sourcecode.swift; path = NewPlaceModel.swift; sourceTree = "<group>"; };
		3DB3CD2B28F6AA6B0030F3A3 /* StarButton.swift */ = {isa = PBXFileReference; lastKnownFileType = sourcecode.swift; path = StarButton.swift; sourceTree = "<group>"; };
		3DE9B535290047FC00578BAE /* NanumSquareEB.ttf */ = {isa = PBXFileReference; lastKnownFileType = file; name = NanumSquareEB.ttf; path = "../../../../Fonts/nanum-square/NanumSquareEB.ttf"; sourceTree = "<group>"; };
		3DF7D5B528FBDCB00046ACCC /* Dr-Gourmet-swiftUI-Info.plist */ = {isa = PBXFileReference; lastKnownFileType = text.plist; path = "Dr-Gourmet-swiftUI-Info.plist"; sourceTree = SOURCE_ROOT; };
		3DFED59D28FFE6F200693204 /* Jalnan.ttf */ = {isa = PBXFileReference; lastKnownFileType = file; path = Jalnan.ttf; sourceTree = "<group>"; };
		3DFED59E28FFE70D00693204 /* NanumSquareR.ttf */ = {isa = PBXFileReference; lastKnownFileType = file; name = NanumSquareR.ttf; path = "../../../../Fonts/nanum-square/NanumSquareR.ttf"; sourceTree = "<group>"; };
		3DFED5A228FFE75800693204 /* NanumSquareB.ttf */ = {isa = PBXFileReference; lastKnownFileType = file; name = NanumSquareB.ttf; path = "../../../../Fonts/nanum-square/NanumSquareB.ttf"; sourceTree = "<group>"; };
		3DFF99F32902C7030023D772 /* HancomMalangMalang-Bold.ttf */ = {isa = PBXFileReference; lastKnownFileType = file; name = "HancomMalangMalang-Bold.ttf"; path = "../../../../Fonts/Hancom MalangMalang/HancomMalangMalang-Bold.ttf"; sourceTree = "<group>"; };
		3DFF99FB2902CD690023D772 /* LaunchView.swift */ = {isa = PBXFileReference; lastKnownFileType = sourcecode.swift; path = LaunchView.swift; sourceTree = "<group>"; };
		3EF184D626141D4605A752E0 /* Pods-Dr.Gourmet.swiftUI-Dr.Gourmet.swiftUIUITests.debug.xcconfig */ = {isa = PBXFileReference; includeInIndex = 1; lastKnownFileType = text.xcconfig; name = "Pods-Dr.Gourmet.swiftUI-Dr.Gourmet.swiftUIUITests.debug.xcconfig"; path = "Target Support Files/Pods-Dr.Gourmet.swiftUI-Dr.Gourmet.swiftUIUITests/Pods-Dr.Gourmet.swiftUI-Dr.Gourmet.swiftUIUITests.debug.xcconfig"; sourceTree = "<group>"; };
		440A3655FECAA7E04F0EE939 /* Pods-Dr.Gourmet.swiftUITests.debug.xcconfig */ = {isa = PBXFileReference; includeInIndex = 1; lastKnownFileType = text.xcconfig; name = "Pods-Dr.Gourmet.swiftUITests.debug.xcconfig"; path = "Target Support Files/Pods-Dr.Gourmet.swiftUITests/Pods-Dr.Gourmet.swiftUITests.debug.xcconfig"; sourceTree = "<group>"; };
		4AE4A59E92CFE0A96DE3FB8A /* Pods-Dr.Gourmet.swiftUI.release.xcconfig */ = {isa = PBXFileReference; includeInIndex = 1; lastKnownFileType = text.xcconfig; name = "Pods-Dr.Gourmet.swiftUI.release.xcconfig"; path = "Target Support Files/Pods-Dr.Gourmet.swiftUI/Pods-Dr.Gourmet.swiftUI.release.xcconfig"; sourceTree = "<group>"; };
		5F9E1ABD8D93DBEEAC0080CC /* Pods-Dr.Gourmet.swiftUI-Dr.Gourmet.swiftUIUITests.release.xcconfig */ = {isa = PBXFileReference; includeInIndex = 1; lastKnownFileType = text.xcconfig; name = "Pods-Dr.Gourmet.swiftUI-Dr.Gourmet.swiftUIUITests.release.xcconfig"; path = "Target Support Files/Pods-Dr.Gourmet.swiftUI-Dr.Gourmet.swiftUIUITests/Pods-Dr.Gourmet.swiftUI-Dr.Gourmet.swiftUIUITests.release.xcconfig"; sourceTree = "<group>"; };
		91E00AB54C7B1190469FB3F7 /* Pods_Dr_Gourmet_swiftUI.framework */ = {isa = PBXFileReference; explicitFileType = wrapper.framework; includeInIndex = 0; path = Pods_Dr_Gourmet_swiftUI.framework; sourceTree = BUILT_PRODUCTS_DIR; };
		9CF7FF70DEA53A433B62392F /* Pods_Dr_Gourmet_swiftUITests.framework */ = {isa = PBXFileReference; explicitFileType = wrapper.framework; includeInIndex = 0; path = Pods_Dr_Gourmet_swiftUITests.framework; sourceTree = BUILT_PRODUCTS_DIR; };
		BA8EA94E5260AC10217D0FBA /* Pods_Dr_Gourmet_swiftUI_Dr_Gourmet_swiftUIUITests.framework */ = {isa = PBXFileReference; explicitFileType = wrapper.framework; includeInIndex = 0; path = Pods_Dr_Gourmet_swiftUI_Dr_Gourmet_swiftUIUITests.framework; sourceTree = BUILT_PRODUCTS_DIR; };
		CE74C50372B3155A10702F9C /* Pods-Dr.Gourmet.swiftUI.debug.xcconfig */ = {isa = PBXFileReference; includeInIndex = 1; lastKnownFileType = text.xcconfig; name = "Pods-Dr.Gourmet.swiftUI.debug.xcconfig"; path = "Target Support Files/Pods-Dr.Gourmet.swiftUI/Pods-Dr.Gourmet.swiftUI.debug.xcconfig"; sourceTree = "<group>"; };
/* End PBXFileReference section */

/* Begin PBXFrameworksBuildPhase section */
		3D67061228F5CA1100A84692 /* Frameworks */ = {
			isa = PBXFrameworksBuildPhase;
			buildActionMask = 2147483647;
			files = (
				EDFAD697D106BD08D5CE9332 /* Pods_Dr_Gourmet_swiftUI.framework in Frameworks */,
			);
			runOnlyForDeploymentPostprocessing = 0;
		};
		3D67062228F5CA1200A84692 /* Frameworks */ = {
			isa = PBXFrameworksBuildPhase;
			buildActionMask = 2147483647;
			files = (
				03339ABB17648315AE5D3624 /* Pods_Dr_Gourmet_swiftUITests.framework in Frameworks */,
			);
			runOnlyForDeploymentPostprocessing = 0;
		};
		3D67062C28F5CA1200A84692 /* Frameworks */ = {
			isa = PBXFrameworksBuildPhase;
			buildActionMask = 2147483647;
			files = (
				A75D2A2BEEAB5970BDED0363 /* Pods_Dr_Gourmet_swiftUI_Dr_Gourmet_swiftUIUITests.framework in Frameworks */,
			);
			runOnlyForDeploymentPostprocessing = 0;
		};
/* End PBXFrameworksBuildPhase section */

/* Begin PBXGroup section */
		0A83013EB94CD4F8D5CD3D17 /* Pods */ = {
			isa = PBXGroup;
			children = (
				CE74C50372B3155A10702F9C /* Pods-Dr.Gourmet.swiftUI.debug.xcconfig */,
				4AE4A59E92CFE0A96DE3FB8A /* Pods-Dr.Gourmet.swiftUI.release.xcconfig */,
				3EF184D626141D4605A752E0 /* Pods-Dr.Gourmet.swiftUI-Dr.Gourmet.swiftUIUITests.debug.xcconfig */,
				5F9E1ABD8D93DBEEAC0080CC /* Pods-Dr.Gourmet.swiftUI-Dr.Gourmet.swiftUIUITests.release.xcconfig */,
				440A3655FECAA7E04F0EE939 /* Pods-Dr.Gourmet.swiftUITests.debug.xcconfig */,
				29693C5A3DDAFE2AF04970DC /* Pods-Dr.Gourmet.swiftUITests.release.xcconfig */,
			);
			path = Pods;
			sourceTree = "<group>";
		};
		3D67060C28F5CA1100A84692 = {
			isa = PBXGroup;
			children = (
				3D67061728F5CA1100A84692 /* Dr.Gourmet.swiftUI */,
				3D67062828F5CA1200A84692 /* Dr.Gourmet.swiftUITests */,
				3D67063228F5CA1200A84692 /* Dr.Gourmet.swiftUIUITests */,
				3D67061628F5CA1100A84692 /* Products */,
				0A83013EB94CD4F8D5CD3D17 /* Pods */,
				986238E973979017B9712A69 /* Frameworks */,
			);
			sourceTree = "<group>";
		};
		3D67061628F5CA1100A84692 /* Products */ = {
			isa = PBXGroup;
			children = (
				3D67061528F5CA1100A84692 /* Dr.Gourmet.swiftUI.app */,
				3D67062528F5CA1200A84692 /* Dr.Gourmet.swiftUITests.xctest */,
				3D67062F28F5CA1200A84692 /* Dr.Gourmet.swiftUIUITests.xctest */,
			);
			name = Products;
			sourceTree = "<group>";
		};
		3D67061728F5CA1100A84692 /* Dr.Gourmet.swiftUI */ = {
			isa = PBXGroup;
			children = (
				3DF7D5B528FBDCB00046ACCC /* Dr-Gourmet-swiftUI-Info.plist */,
				3D67061828F5CA1100A84692 /* Dr_Gourmet_swiftUIApp.swift */,
				3D1A978828F7103000731D45 /* AppDelegate.swift */,
				3D67061A28F5CA1100A84692 /* HomeView.swift */,
				3DFF99FB2902CD690023D772 /* LaunchView.swift */,
				3D67064628F5CB0C00A84692 /* Place List */,
				3DB3CD2A28F6950A0030F3A3 /* Place Creation */,
				3DB3CD2528F675310030F3A3 /* Place Detail */,
				3D67064928F5CDB500A84692 /* Model */,
				3D67061C28F5CA1200A84692 /* Assets.xcassets */,
				3DFED59C28FFE6F100693204 /* Fonts */,
				3D67061E28F5CA1200A84692 /* Preview Content */,
				3D4827FB28F7F5CB0079F67E /* Dr.Gourmet.swiftUI-Bridging-Header.h */,
			);
			path = Dr.Gourmet.swiftUI;
			sourceTree = "<group>";
		};
		3D67061E28F5CA1200A84692 /* Preview Content */ = {
			isa = PBXGroup;
			children = (
				3D67061F28F5CA1200A84692 /* Preview Assets.xcassets */,
			);
			path = "Preview Content";
			sourceTree = "<group>";
		};
		3D67062828F5CA1200A84692 /* Dr.Gourmet.swiftUITests */ = {
			isa = PBXGroup;
			children = (
				3D67062928F5CA1200A84692 /* Dr_Gourmet_swiftUITests.swift */,
			);
			path = Dr.Gourmet.swiftUITests;
			sourceTree = "<group>";
		};
		3D67063228F5CA1200A84692 /* Dr.Gourmet.swiftUIUITests */ = {
			isa = PBXGroup;
			children = (
				3D67063328F5CA1200A84692 /* Dr_Gourmet_swiftUIUITests.swift */,
				3D67063528F5CA1200A84692 /* Dr_Gourmet_swiftUIUITestsLaunchTests.swift */,
			);
			path = Dr.Gourmet.swiftUIUITests;
			sourceTree = "<group>";
		};
		3D67064628F5CB0C00A84692 /* Place List */ = {
			isa = PBXGroup;
			children = (
				3D67064228F5CA4600A84692 /* PlaceListView.swift */,
				3D67064A28F5D36A00A84692 /* PlaceCell.swift */,
				3D67064428F5CAB600A84692 /* PlaceListViewModel.swift */,
			);
			path = "Place List";
			sourceTree = "<group>";
		};
		3D67064928F5CDB500A84692 /* Model */ = {
			isa = PBXGroup;
			children = (
				3D67064728F5CD5600A84692 /* Place.swift */,
			);
			path = Model;
			sourceTree = "<group>";
		};
		3DB3CD2528F675310030F3A3 /* Place Detail */ = {
			isa = PBXGroup;
			children = (
				3DB3CD2128F6733E0030F3A3 /* PlaceDetailViewModel.swift */,
				3DB3CD2328F674CF0030F3A3 /* PlaceDetailView.swift */,
			);
			path = "Place Detail";
			sourceTree = "<group>";
		};
		3DB3CD2A28F6950A0030F3A3 /* Place Creation */ = {
			isa = PBXGroup;
			children = (
				3DB3CD2628F692100030F3A3 /* NewPlaceView.swift */,
				3DB3CD2B28F6AA6B0030F3A3 /* StarButton.swift */,
				3DB3CD2828F695060030F3A3 /* NewPlaceModel.swift */,
			);
			path = "Place Creation";
			sourceTree = "<group>";
		};
		3DFED59C28FFE6F100693204 /* Fonts */ = {
			isa = PBXGroup;
			children = (
				3DFED59E28FFE70D00693204 /* NanumSquareR.ttf */,
				3DFF99F32902C7030023D772 /* HancomMalangMalang-Bold.ttf */,
				3DE9B535290047FC00578BAE /* NanumSquareEB.ttf */,
				3DFED5A228FFE75800693204 /* NanumSquareB.ttf */,
				3DFED59D28FFE6F200693204 /* Jalnan.ttf */,
			);
			path = Fonts;
			sourceTree = "<group>";
		};
		986238E973979017B9712A69 /* Frameworks */ = {
			isa = PBXGroup;
			children = (
				91E00AB54C7B1190469FB3F7 /* Pods_Dr_Gourmet_swiftUI.framework */,
				BA8EA94E5260AC10217D0FBA /* Pods_Dr_Gourmet_swiftUI_Dr_Gourmet_swiftUIUITests.framework */,
				9CF7FF70DEA53A433B62392F /* Pods_Dr_Gourmet_swiftUITests.framework */,
			);
			name = Frameworks;
			sourceTree = "<group>";
		};
/* End PBXGroup section */

/* Begin PBXNativeTarget section */
		3D67061428F5CA1100A84692 /* Dr.Gourmet.swiftUI */ = {
			isa = PBXNativeTarget;
			buildConfigurationList = 3D67063928F5CA1200A84692 /* Build configuration list for PBXNativeTarget "Dr.Gourmet.swiftUI" */;
			buildPhases = (
				2ECBEED067BAC6671BB1F335 /* [CP] Check Pods Manifest.lock */,
				3D67061128F5CA1100A84692 /* Sources */,
				3D67061228F5CA1100A84692 /* Frameworks */,
				3D67061328F5CA1100A84692 /* Resources */,
				FB6B303711878B599C1B39C7 /* [CP] Embed Pods Frameworks */,
			);
			buildRules = (
			);
			dependencies = (
			);
			name = Dr.Gourmet.swiftUI;
			packageProductDependencies = (
			);
			productName = Dr.Gourmet.swiftUI;
			productReference = 3D67061528F5CA1100A84692 /* Dr.Gourmet.swiftUI.app */;
			productType = "com.apple.product-type.application";
		};
		3D67062428F5CA1200A84692 /* Dr.Gourmet.swiftUITests */ = {
			isa = PBXNativeTarget;
			buildConfigurationList = 3D67063C28F5CA1200A84692 /* Build configuration list for PBXNativeTarget "Dr.Gourmet.swiftUITests" */;
			buildPhases = (
				5FC92B6BD63B39E550C2F5B1 /* [CP] Check Pods Manifest.lock */,
				3D67062128F5CA1200A84692 /* Sources */,
				3D67062228F5CA1200A84692 /* Frameworks */,
				3D67062328F5CA1200A84692 /* Resources */,
			);
			buildRules = (
			);
			dependencies = (
				3D67062728F5CA1200A84692 /* PBXTargetDependency */,
			);
			name = Dr.Gourmet.swiftUITests;
			productName = Dr.Gourmet.swiftUITests;
			productReference = 3D67062528F5CA1200A84692 /* Dr.Gourmet.swiftUITests.xctest */;
			productType = "com.apple.product-type.bundle.unit-test";
		};
		3D67062E28F5CA1200A84692 /* Dr.Gourmet.swiftUIUITests */ = {
			isa = PBXNativeTarget;
			buildConfigurationList = 3D67063F28F5CA1200A84692 /* Build configuration list for PBXNativeTarget "Dr.Gourmet.swiftUIUITests" */;
			buildPhases = (
				B7171905281E4755314C294F /* [CP] Check Pods Manifest.lock */,
				3D67062B28F5CA1200A84692 /* Sources */,
				3D67062C28F5CA1200A84692 /* Frameworks */,
				3D67062D28F5CA1200A84692 /* Resources */,
				18236DF9302EC2116EC2E8F0 /* [CP] Embed Pods Frameworks */,
			);
			buildRules = (
			);
			dependencies = (
				3D67063128F5CA1200A84692 /* PBXTargetDependency */,
			);
			name = Dr.Gourmet.swiftUIUITests;
			productName = Dr.Gourmet.swiftUIUITests;
			productReference = 3D67062F28F5CA1200A84692 /* Dr.Gourmet.swiftUIUITests.xctest */;
			productType = "com.apple.product-type.bundle.ui-testing";
		};
/* End PBXNativeTarget section */

/* Begin PBXProject section */
		3D67060D28F5CA1100A84692 /* Project object */ = {
			isa = PBXProject;
			attributes = {
				BuildIndependentTargetsInParallel = 1;
				LastSwiftUpdateCheck = 1400;
				LastUpgradeCheck = 1400;
				TargetAttributes = {
					3D67061428F5CA1100A84692 = {
						CreatedOnToolsVersion = 14.0.1;
						LastSwiftMigration = 1400;
					};
					3D67062428F5CA1200A84692 = {
						CreatedOnToolsVersion = 14.0.1;
						TestTargetID = 3D67061428F5CA1100A84692;
					};
					3D67062E28F5CA1200A84692 = {
						CreatedOnToolsVersion = 14.0.1;
						TestTargetID = 3D67061428F5CA1100A84692;
					};
				};
			};
			buildConfigurationList = 3D67061028F5CA1100A84692 /* Build configuration list for PBXProject "Dr.Gourmet.swiftUI" */;
			compatibilityVersion = "Xcode 14.0";
			developmentRegion = en;
			hasScannedForEncodings = 0;
			knownRegions = (
				en,
				Base,
			);
			mainGroup = 3D67060C28F5CA1100A84692;
			packageReferences = (
			);
			productRefGroup = 3D67061628F5CA1100A84692 /* Products */;
			projectDirPath = "";
			projectRoot = "";
			targets = (
				3D67061428F5CA1100A84692 /* Dr.Gourmet.swiftUI */,
				3D67062428F5CA1200A84692 /* Dr.Gourmet.swiftUITests */,
				3D67062E28F5CA1200A84692 /* Dr.Gourmet.swiftUIUITests */,
			);
		};
/* End PBXProject section */

/* Begin PBXResourcesBuildPhase section */
		3D67061328F5CA1100A84692 /* Resources */ = {
			isa = PBXResourcesBuildPhase;
			buildActionMask = 2147483647;
			files = (
				3DFF99F42902C7030023D772 /* HancomMalangMalang-Bold.ttf in Resources */,
				3DE9B536290047FC00578BAE /* NanumSquareEB.ttf in Resources */,
				3DFED5A628FFE8BA00693204 /* Jalnan.ttf in Resources */,
				3D67062028F5CA1200A84692 /* Preview Assets.xcassets in Resources */,
				3DFED59F28FFE70D00693204 /* NanumSquareR.ttf in Resources */,
				3DFED5A328FFE75800693204 /* NanumSquareB.ttf in Resources */,
				3D67061D28F5CA1200A84692 /* Assets.xcassets in Resources */,
			);
			runOnlyForDeploymentPostprocessing = 0;
		};
		3D67062328F5CA1200A84692 /* Resources */ = {
			isa = PBXResourcesBuildPhase;
			buildActionMask = 2147483647;
			files = (
				3DE9B537290047FC00578BAE /* NanumSquareEB.ttf in Resources */,
				3DFED5A728FFE8BB00693204 /* Jalnan.ttf in Resources */,
				3DFF99F52902C7030023D772 /* HancomMalangMalang-Bold.ttf in Resources */,
				3DFED5A428FFE75800693204 /* NanumSquareB.ttf in Resources */,
				3DFED5A028FFE70D00693204 /* NanumSquareR.ttf in Resources */,
			);
			runOnlyForDeploymentPostprocessing = 0;
		};
		3D67062D28F5CA1200A84692 /* Resources */ = {
			isa = PBXResourcesBuildPhase;
			buildActionMask = 2147483647;
			files = (
				3DE9B538290047FC00578BAE /* NanumSquareEB.ttf in Resources */,
				3DFED5A828FFE8BB00693204 /* Jalnan.ttf in Resources */,
				3DFF99F62902C7030023D772 /* HancomMalangMalang-Bold.ttf in Resources */,
				3DFED5A528FFE75800693204 /* NanumSquareB.ttf in Resources */,
				3DFED5A128FFE70D00693204 /* NanumSquareR.ttf in Resources */,
			);
			runOnlyForDeploymentPostprocessing = 0;
		};
/* End PBXResourcesBuildPhase section */

/* Begin PBXShellScriptBuildPhase section */
		18236DF9302EC2116EC2E8F0 /* [CP] Embed Pods Frameworks */ = {
			isa = PBXShellScriptBuildPhase;
			buildActionMask = 2147483647;
			files = (
			);
			inputFileListPaths = (
				"${PODS_ROOT}/Target Support Files/Pods-Dr.Gourmet.swiftUI-Dr.Gourmet.swiftUIUITests/Pods-Dr.Gourmet.swiftUI-Dr.Gourmet.swiftUIUITests-frameworks-${CONFIGURATION}-input-files.xcfilelist",
			);
			name = "[CP] Embed Pods Frameworks";
			outputFileListPaths = (
				"${PODS_ROOT}/Target Support Files/Pods-Dr.Gourmet.swiftUI-Dr.Gourmet.swiftUIUITests/Pods-Dr.Gourmet.swiftUI-Dr.Gourmet.swiftUIUITests-frameworks-${CONFIGURATION}-output-files.xcfilelist",
			);
			runOnlyForDeploymentPostprocessing = 0;
			shellPath = /bin/sh;
			shellScript = "\"${PODS_ROOT}/Target Support Files/Pods-Dr.Gourmet.swiftUI-Dr.Gourmet.swiftUIUITests/Pods-Dr.Gourmet.swiftUI-Dr.Gourmet.swiftUIUITests-frameworks.sh\"\n";
			showEnvVarsInLog = 0;
		};
		2ECBEED067BAC6671BB1F335 /* [CP] Check Pods Manifest.lock */ = {
			isa = PBXShellScriptBuildPhase;
			buildActionMask = 2147483647;
			files = (
			);
			inputFileListPaths = (
			);
			inputPaths = (
				"${PODS_PODFILE_DIR_PATH}/Podfile.lock",
				"${PODS_ROOT}/Manifest.lock",
			);
			name = "[CP] Check Pods Manifest.lock";
			outputFileListPaths = (
			);
			outputPaths = (
				"$(DERIVED_FILE_DIR)/Pods-Dr.Gourmet.swiftUI-checkManifestLockResult.txt",
			);
			runOnlyForDeploymentPostprocessing = 0;
			shellPath = /bin/sh;
			shellScript = "diff \"${PODS_PODFILE_DIR_PATH}/Podfile.lock\" \"${PODS_ROOT}/Manifest.lock\" > /dev/null\nif [ $? != 0 ] ; then\n    # print error to STDERR\n    echo \"error: The sandbox is not in sync with the Podfile.lock. Run 'pod install' or update your CocoaPods installation.\" >&2\n    exit 1\nfi\n# This output is used by Xcode 'outputs' to avoid re-running this script phase.\necho \"SUCCESS\" > \"${SCRIPT_OUTPUT_FILE_0}\"\n";
			showEnvVarsInLog = 0;
		};
		5FC92B6BD63B39E550C2F5B1 /* [CP] Check Pods Manifest.lock */ = {
			isa = PBXShellScriptBuildPhase;
			buildActionMask = 2147483647;
			files = (
			);
			inputFileListPaths = (
			);
			inputPaths = (
				"${PODS_PODFILE_DIR_PATH}/Podfile.lock",
				"${PODS_ROOT}/Manifest.lock",
			);
			name = "[CP] Check Pods Manifest.lock";
			outputFileListPaths = (
			);
			outputPaths = (
				"$(DERIVED_FILE_DIR)/Pods-Dr.Gourmet.swiftUITests-checkManifestLockResult.txt",
			);
			runOnlyForDeploymentPostprocessing = 0;
			shellPath = /bin/sh;
			shellScript = "diff \"${PODS_PODFILE_DIR_PATH}/Podfile.lock\" \"${PODS_ROOT}/Manifest.lock\" > /dev/null\nif [ $? != 0 ] ; then\n    # print error to STDERR\n    echo \"error: The sandbox is not in sync with the Podfile.lock. Run 'pod install' or update your CocoaPods installation.\" >&2\n    exit 1\nfi\n# This output is used by Xcode 'outputs' to avoid re-running this script phase.\necho \"SUCCESS\" > \"${SCRIPT_OUTPUT_FILE_0}\"\n";
			showEnvVarsInLog = 0;
		};
		B7171905281E4755314C294F /* [CP] Check Pods Manifest.lock */ = {
			isa = PBXShellScriptBuildPhase;
			buildActionMask = 2147483647;
			files = (
			);
			inputFileListPaths = (
			);
			inputPaths = (
				"${PODS_PODFILE_DIR_PATH}/Podfile.lock",
				"${PODS_ROOT}/Manifest.lock",
			);
			name = "[CP] Check Pods Manifest.lock";
			outputFileListPaths = (
			);
			outputPaths = (
				"$(DERIVED_FILE_DIR)/Pods-Dr.Gourmet.swiftUI-Dr.Gourmet.swiftUIUITests-checkManifestLockResult.txt",
			);
			runOnlyForDeploymentPostprocessing = 0;
			shellPath = /bin/sh;
			shellScript = "diff \"${PODS_PODFILE_DIR_PATH}/Podfile.lock\" \"${PODS_ROOT}/Manifest.lock\" > /dev/null\nif [ $? != 0 ] ; then\n    # print error to STDERR\n    echo \"error: The sandbox is not in sync with the Podfile.lock. Run 'pod install' or update your CocoaPods installation.\" >&2\n    exit 1\nfi\n# This output is used by Xcode 'outputs' to avoid re-running this script phase.\necho \"SUCCESS\" > \"${SCRIPT_OUTPUT_FILE_0}\"\n";
			showEnvVarsInLog = 0;
		};
		FB6B303711878B599C1B39C7 /* [CP] Embed Pods Frameworks */ = {
			isa = PBXShellScriptBuildPhase;
			buildActionMask = 2147483647;
			files = (
			);
			inputFileListPaths = (
				"${PODS_ROOT}/Target Support Files/Pods-Dr.Gourmet.swiftUI/Pods-Dr.Gourmet.swiftUI-frameworks-${CONFIGURATION}-input-files.xcfilelist",
			);
			name = "[CP] Embed Pods Frameworks";
			outputFileListPaths = (
				"${PODS_ROOT}/Target Support Files/Pods-Dr.Gourmet.swiftUI/Pods-Dr.Gourmet.swiftUI-frameworks-${CONFIGURATION}-output-files.xcfilelist",
			);
			runOnlyForDeploymentPostprocessing = 0;
			shellPath = /bin/sh;
			shellScript = "\"${PODS_ROOT}/Target Support Files/Pods-Dr.Gourmet.swiftUI/Pods-Dr.Gourmet.swiftUI-frameworks.sh\"\n";
			showEnvVarsInLog = 0;
		};
/* End PBXShellScriptBuildPhase section */

/* Begin PBXSourcesBuildPhase section */
		3D67061128F5CA1100A84692 /* Sources */ = {
			isa = PBXSourcesBuildPhase;
			buildActionMask = 2147483647;
			files = (
				3D1A978928F7103000731D45 /* AppDelegate.swift in Sources */,
				3D67064528F5CAB600A84692 /* PlaceListViewModel.swift in Sources */,
				3DB3CD2228F6733E0030F3A3 /* PlaceDetailViewModel.swift in Sources */,
				3DFF99FC2902CD690023D772 /* LaunchView.swift in Sources */,
				3DB3CD2928F695060030F3A3 /* NewPlaceModel.swift in Sources */,
				3DB3CD2728F692100030F3A3 /* NewPlaceView.swift in Sources */,
				3D67064328F5CA4600A84692 /* PlaceListView.swift in Sources */,
				3DB3CD2428F674CF0030F3A3 /* PlaceDetailView.swift in Sources */,
				3D67061B28F5CA1100A84692 /* HomeView.swift in Sources */,
				3D67061928F5CA1100A84692 /* Dr_Gourmet_swiftUIApp.swift in Sources */,
				3D67064828F5CD5600A84692 /* Place.swift in Sources */,
				3D67064B28F5D36A00A84692 /* PlaceCell.swift in Sources */,
				3DB3CD2C28F6AA6B0030F3A3 /* StarButton.swift in Sources */,
			);
			runOnlyForDeploymentPostprocessing = 0;
		};
		3D67062128F5CA1200A84692 /* Sources */ = {
			isa = PBXSourcesBuildPhase;
			buildActionMask = 2147483647;
			files = (
				3D67062A28F5CA1200A84692 /* Dr_Gourmet_swiftUITests.swift in Sources */,
				3DFF99FD2902CD690023D772 /* LaunchView.swift in Sources */,
			);
			runOnlyForDeploymentPostprocessing = 0;
		};
		3D67062B28F5CA1200A84692 /* Sources */ = {
			isa = PBXSourcesBuildPhase;
			buildActionMask = 2147483647;
			files = (
				3D67063628F5CA1200A84692 /* Dr_Gourmet_swiftUIUITestsLaunchTests.swift in Sources */,
				3DFF99FE2902CD690023D772 /* LaunchView.swift in Sources */,
				3D67063428F5CA1200A84692 /* Dr_Gourmet_swiftUIUITests.swift in Sources */,
			);
			runOnlyForDeploymentPostprocessing = 0;
		};
/* End PBXSourcesBuildPhase section */

/* Begin PBXTargetDependency section */
		3D67062728F5CA1200A84692 /* PBXTargetDependency */ = {
			isa = PBXTargetDependency;
			target = 3D67061428F5CA1100A84692 /* Dr.Gourmet.swiftUI */;
			targetProxy = 3D67062628F5CA1200A84692 /* PBXContainerItemProxy */;
		};
		3D67063128F5CA1200A84692 /* PBXTargetDependency */ = {
			isa = PBXTargetDependency;
			target = 3D67061428F5CA1100A84692 /* Dr.Gourmet.swiftUI */;
			targetProxy = 3D67063028F5CA1200A84692 /* PBXContainerItemProxy */;
		};
/* End PBXTargetDependency section */

/* Begin XCBuildConfiguration section */
		3D67063728F5CA1200A84692 /* Debug */ = {
			isa = XCBuildConfiguration;
			buildSettings = {
				ALWAYS_SEARCH_USER_PATHS = NO;
				CLANG_ANALYZER_NONNULL = YES;
				CLANG_ANALYZER_NUMBER_OBJECT_CONVERSION = YES_AGGRESSIVE;
				CLANG_CXX_LANGUAGE_STANDARD = "gnu++20";
				CLANG_ENABLE_MODULES = YES;
				CLANG_ENABLE_OBJC_ARC = YES;
				CLANG_ENABLE_OBJC_WEAK = YES;
				CLANG_WARN_BLOCK_CAPTURE_AUTORELEASING = YES;
				CLANG_WARN_BOOL_CONVERSION = YES;
				CLANG_WARN_COMMA = YES;
				CLANG_WARN_CONSTANT_CONVERSION = YES;
				CLANG_WARN_DEPRECATED_OBJC_IMPLEMENTATIONS = YES;
				CLANG_WARN_DIRECT_OBJC_ISA_USAGE = YES_ERROR;
				CLANG_WARN_DOCUMENTATION_COMMENTS = YES;
				CLANG_WARN_EMPTY_BODY = YES;
				CLANG_WARN_ENUM_CONVERSION = YES;
				CLANG_WARN_INFINITE_RECURSION = YES;
				CLANG_WARN_INT_CONVERSION = YES;
				CLANG_WARN_NON_LITERAL_NULL_CONVERSION = YES;
				CLANG_WARN_OBJC_IMPLICIT_RETAIN_SELF = YES;
				CLANG_WARN_OBJC_LITERAL_CONVERSION = YES;
				CLANG_WARN_OBJC_ROOT_CLASS = YES_ERROR;
				CLANG_WARN_QUOTED_INCLUDE_IN_FRAMEWORK_HEADER = YES;
				CLANG_WARN_RANGE_LOOP_ANALYSIS = YES;
				CLANG_WARN_STRICT_PROTOTYPES = YES;
				CLANG_WARN_SUSPICIOUS_MOVE = YES;
				CLANG_WARN_UNGUARDED_AVAILABILITY = YES_AGGRESSIVE;
				CLANG_WARN_UNREACHABLE_CODE = YES;
				CLANG_WARN__DUPLICATE_METHOD_MATCH = YES;
				COPY_PHASE_STRIP = NO;
				DEBUG_INFORMATION_FORMAT = dwarf;
				ENABLE_STRICT_OBJC_MSGSEND = YES;
				ENABLE_TESTABILITY = YES;
				GCC_C_LANGUAGE_STANDARD = gnu11;
				GCC_DYNAMIC_NO_PIC = NO;
				GCC_NO_COMMON_BLOCKS = YES;
				GCC_OPTIMIZATION_LEVEL = 0;
				GCC_PREPROCESSOR_DEFINITIONS = (
					"DEBUG=1",
					"$(inherited)",
				);
				GCC_WARN_64_TO_32_BIT_CONVERSION = YES;
				GCC_WARN_ABOUT_RETURN_TYPE = YES_ERROR;
				GCC_WARN_UNDECLARED_SELECTOR = YES;
				GCC_WARN_UNINITIALIZED_AUTOS = YES_AGGRESSIVE;
				GCC_WARN_UNUSED_FUNCTION = YES;
				GCC_WARN_UNUSED_VARIABLE = YES;
				IPHONEOS_DEPLOYMENT_TARGET = 16.0;
				MTL_ENABLE_DEBUG_INFO = INCLUDE_SOURCE;
				MTL_FAST_MATH = YES;
				ONLY_ACTIVE_ARCH = YES;
				SDKROOT = iphoneos;
				SWIFT_ACTIVE_COMPILATION_CONDITIONS = DEBUG;
				SWIFT_OPTIMIZATION_LEVEL = "-Onone";
			};
			name = Debug;
		};
		3D67063828F5CA1200A84692 /* Release */ = {
			isa = XCBuildConfiguration;
			buildSettings = {
				ALWAYS_SEARCH_USER_PATHS = NO;
				CLANG_ANALYZER_NONNULL = YES;
				CLANG_ANALYZER_NUMBER_OBJECT_CONVERSION = YES_AGGRESSIVE;
				CLANG_CXX_LANGUAGE_STANDARD = "gnu++20";
				CLANG_ENABLE_MODULES = YES;
				CLANG_ENABLE_OBJC_ARC = YES;
				CLANG_ENABLE_OBJC_WEAK = YES;
				CLANG_WARN_BLOCK_CAPTURE_AUTORELEASING = YES;
				CLANG_WARN_BOOL_CONVERSION = YES;
				CLANG_WARN_COMMA = YES;
				CLANG_WARN_CONSTANT_CONVERSION = YES;
				CLANG_WARN_DEPRECATED_OBJC_IMPLEMENTATIONS = YES;
				CLANG_WARN_DIRECT_OBJC_ISA_USAGE = YES_ERROR;
				CLANG_WARN_DOCUMENTATION_COMMENTS = YES;
				CLANG_WARN_EMPTY_BODY = YES;
				CLANG_WARN_ENUM_CONVERSION = YES;
				CLANG_WARN_INFINITE_RECURSION = YES;
				CLANG_WARN_INT_CONVERSION = YES;
				CLANG_WARN_NON_LITERAL_NULL_CONVERSION = YES;
				CLANG_WARN_OBJC_IMPLICIT_RETAIN_SELF = YES;
				CLANG_WARN_OBJC_LITERAL_CONVERSION = YES;
				CLANG_WARN_OBJC_ROOT_CLASS = YES_ERROR;
				CLANG_WARN_QUOTED_INCLUDE_IN_FRAMEWORK_HEADER = YES;
				CLANG_WARN_RANGE_LOOP_ANALYSIS = YES;
				CLANG_WARN_STRICT_PROTOTYPES = YES;
				CLANG_WARN_SUSPICIOUS_MOVE = YES;
				CLANG_WARN_UNGUARDED_AVAILABILITY = YES_AGGRESSIVE;
				CLANG_WARN_UNREACHABLE_CODE = YES;
				CLANG_WARN__DUPLICATE_METHOD_MATCH = YES;
				COPY_PHASE_STRIP = NO;
				DEBUG_INFORMATION_FORMAT = "dwarf-with-dsym";
				ENABLE_NS_ASSERTIONS = NO;
				ENABLE_STRICT_OBJC_MSGSEND = YES;
				GCC_C_LANGUAGE_STANDARD = gnu11;
				GCC_NO_COMMON_BLOCKS = YES;
				GCC_WARN_64_TO_32_BIT_CONVERSION = YES;
				GCC_WARN_ABOUT_RETURN_TYPE = YES_ERROR;
				GCC_WARN_UNDECLARED_SELECTOR = YES;
				GCC_WARN_UNINITIALIZED_AUTOS = YES_AGGRESSIVE;
				GCC_WARN_UNUSED_FUNCTION = YES;
				GCC_WARN_UNUSED_VARIABLE = YES;
				IPHONEOS_DEPLOYMENT_TARGET = 16.0;
				MTL_ENABLE_DEBUG_INFO = NO;
				MTL_FAST_MATH = YES;
				SDKROOT = iphoneos;
				SWIFT_COMPILATION_MODE = wholemodule;
				SWIFT_OPTIMIZATION_LEVEL = "-O";
				VALIDATE_PRODUCT = YES;
			};
			name = Release;
		};
		3D67063A28F5CA1200A84692 /* Debug */ = {
			isa = XCBuildConfiguration;
			baseConfigurationReference = CE74C50372B3155A10702F9C /* Pods-Dr.Gourmet.swiftUI.debug.xcconfig */;
			buildSettings = {
				ASSETCATALOG_COMPILER_APPICON_NAME = AppIcon;
				ASSETCATALOG_COMPILER_GLOBAL_ACCENT_COLOR_NAME = AccentColor;
				CLANG_ENABLE_MODULES = YES;
				CODE_SIGN_STYLE = Automatic;
				CURRENT_PROJECT_VERSION = 1;
				DEVELOPMENT_ASSET_PATHS = "\"Dr.Gourmet.swiftUI/Preview Content\"";
				DEVELOPMENT_TEAM = WG887QB5A6;
				ENABLE_PREVIEWS = YES;
				GENERATE_INFOPLIST_FILE = YES;
				INFOPLIST_FILE = "Dr-Gourmet-swiftUI-Info.plist";
				INFOPLIST_KEY_UIApplicationSceneManifest_Generation = YES;
				INFOPLIST_KEY_UIApplicationSupportsIndirectInputEvents = YES;
				INFOPLIST_KEY_UILaunchScreen_Generation = YES;
				INFOPLIST_KEY_UISupportedInterfaceOrientations_iPad = "UIInterfaceOrientationPortrait UIInterfaceOrientationPortraitUpsideDown UIInterfaceOrientationLandscapeLeft UIInterfaceOrientationLandscapeRight";
				INFOPLIST_KEY_UISupportedInterfaceOrientations_iPhone = "UIInterfaceOrientationPortrait UIInterfaceOrientationLandscapeLeft UIInterfaceOrientationLandscapeRight";
				INFOPLIST_KEY_UIUserInterfaceStyle = Light;
				LD_RUNPATH_SEARCH_PATHS = (
					"$(inherited)",
					"@executable_path/Frameworks",
				);
				MARKETING_VERSION = 1.0;
				PRODUCT_BUNDLE_IDENTIFIER = "kr.meng.Dr-Gourmet-swiftUI";
				PRODUCT_NAME = "$(TARGET_NAME)";
				SWIFT_EMIT_LOC_STRINGS = YES;
				SWIFT_OBJC_BRIDGING_HEADER = "Dr.Gourmet.swiftUI/Dr.Gourmet.swiftUI-Bridging-Header.h";
				SWIFT_OPTIMIZATION_LEVEL = "-Onone";
				SWIFT_VERSION = 5.0;
				TARGETED_DEVICE_FAMILY = "1,2";
			};
			name = Debug;
		};
		3D67063B28F5CA1200A84692 /* Release */ = {
			isa = XCBuildConfiguration;
			baseConfigurationReference = 4AE4A59E92CFE0A96DE3FB8A /* Pods-Dr.Gourmet.swiftUI.release.xcconfig */;
			buildSettings = {
				ASSETCATALOG_COMPILER_APPICON_NAME = AppIcon;
				ASSETCATALOG_COMPILER_GLOBAL_ACCENT_COLOR_NAME = AccentColor;
				CLANG_ENABLE_MODULES = YES;
				CODE_SIGN_STYLE = Automatic;
				CURRENT_PROJECT_VERSION = 1;
				DEVELOPMENT_ASSET_PATHS = "\"Dr.Gourmet.swiftUI/Preview Content\"";
				DEVELOPMENT_TEAM = WG887QB5A6;
				ENABLE_PREVIEWS = YES;
				GENERATE_INFOPLIST_FILE = YES;
				INFOPLIST_FILE = "Dr-Gourmet-swiftUI-Info.plist";
				INFOPLIST_KEY_UIApplicationSceneManifest_Generation = YES;
				INFOPLIST_KEY_UIApplicationSupportsIndirectInputEvents = YES;
				INFOPLIST_KEY_UILaunchScreen_Generation = YES;
				INFOPLIST_KEY_UISupportedInterfaceOrientations_iPad = "UIInterfaceOrientationPortrait UIInterfaceOrientationPortraitUpsideDown UIInterfaceOrientationLandscapeLeft UIInterfaceOrientationLandscapeRight";
				INFOPLIST_KEY_UISupportedInterfaceOrientations_iPhone = "UIInterfaceOrientationPortrait UIInterfaceOrientationLandscapeLeft UIInterfaceOrientationLandscapeRight";
				INFOPLIST_KEY_UIUserInterfaceStyle = Light;
				LD_RUNPATH_SEARCH_PATHS = (
					"$(inherited)",
					"@executable_path/Frameworks",
				);
				MARKETING_VERSION = 1.0;
				PRODUCT_BUNDLE_IDENTIFIER = "kr.meng.Dr-Gourmet-swiftUI";
				PRODUCT_NAME = "$(TARGET_NAME)";
				SWIFT_EMIT_LOC_STRINGS = YES;
				SWIFT_OBJC_BRIDGING_HEADER = "Dr.Gourmet.swiftUI/Dr.Gourmet.swiftUI-Bridging-Header.h";
				SWIFT_VERSION = 5.0;
				TARGETED_DEVICE_FAMILY = "1,2";
			};
			name = Release;
		};
		3D67063D28F5CA1200A84692 /* Debug */ = {
			isa = XCBuildConfiguration;
			baseConfigurationReference = 440A3655FECAA7E04F0EE939 /* Pods-Dr.Gourmet.swiftUITests.debug.xcconfig */;
			buildSettings = {
				ALWAYS_EMBED_SWIFT_STANDARD_LIBRARIES = YES;
				BUNDLE_LOADER = "$(TEST_HOST)";
				CODE_SIGN_STYLE = Automatic;
				CURRENT_PROJECT_VERSION = 1;
				DEVELOPMENT_TEAM = WG887QB5A6;
				GENERATE_INFOPLIST_FILE = YES;
				IPHONEOS_DEPLOYMENT_TARGET = 16.0;
				MARKETING_VERSION = 1.0;
				PRODUCT_BUNDLE_IDENTIFIER = "kr.meng.Dr-Gourmet-swiftUITests";
				PRODUCT_NAME = "$(TARGET_NAME)";
				SWIFT_EMIT_LOC_STRINGS = NO;
				SWIFT_VERSION = 5.0;
				TARGETED_DEVICE_FAMILY = "1,2";
				TEST_HOST = "$(BUILT_PRODUCTS_DIR)/Dr.Gourmet.swiftUI.app/$(BUNDLE_EXECUTABLE_FOLDER_PATH)/Dr.Gourmet.swiftUI";
			};
			name = Debug;
		};
		3D67063E28F5CA1200A84692 /* Release */ = {
			isa = XCBuildConfiguration;
			baseConfigurationReference = 29693C5A3DDAFE2AF04970DC /* Pods-Dr.Gourmet.swiftUITests.release.xcconfig */;
			buildSettings = {
				ALWAYS_EMBED_SWIFT_STANDARD_LIBRARIES = YES;
				BUNDLE_LOADER = "$(TEST_HOST)";
				CODE_SIGN_STYLE = Automatic;
				CURRENT_PROJECT_VERSION = 1;
				DEVELOPMENT_TEAM = WG887QB5A6;
				GENERATE_INFOPLIST_FILE = YES;
				IPHONEOS_DEPLOYMENT_TARGET = 16.0;
				MARKETING_VERSION = 1.0;
				PRODUCT_BUNDLE_IDENTIFIER = "kr.meng.Dr-Gourmet-swiftUITests";
				PRODUCT_NAME = "$(TARGET_NAME)";
				SWIFT_EMIT_LOC_STRINGS = NO;
				SWIFT_VERSION = 5.0;
				TARGETED_DEVICE_FAMILY = "1,2";
				TEST_HOST = "$(BUILT_PRODUCTS_DIR)/Dr.Gourmet.swiftUI.app/$(BUNDLE_EXECUTABLE_FOLDER_PATH)/Dr.Gourmet.swiftUI";
			};
			name = Release;
		};
		3D67064028F5CA1200A84692 /* Debug */ = {
			isa = XCBuildConfiguration;
			baseConfigurationReference = 3EF184D626141D4605A752E0 /* Pods-Dr.Gourmet.swiftUI-Dr.Gourmet.swiftUIUITests.debug.xcconfig */;
			buildSettings = {
				ALWAYS_EMBED_SWIFT_STANDARD_LIBRARIES = "$(inherited)";
				CODE_SIGN_STYLE = Automatic;
				CURRENT_PROJECT_VERSION = 1;
				DEVELOPMENT_TEAM = WG887QB5A6;
				GENERATE_INFOPLIST_FILE = YES;
				MARKETING_VERSION = 1.0;
				PRODUCT_BUNDLE_IDENTIFIER = "kr.meng.Dr-Gourmet-swiftUIUITests";
				PRODUCT_NAME = "$(TARGET_NAME)";
				SWIFT_EMIT_LOC_STRINGS = NO;
				SWIFT_VERSION = 5.0;
				TARGETED_DEVICE_FAMILY = "1,2";
				TEST_TARGET_NAME = Dr.Gourmet.swiftUI;
			};
			name = Debug;
		};
		3D67064128F5CA1200A84692 /* Release */ = {
			isa = XCBuildConfiguration;
			baseConfigurationReference = 5F9E1ABD8D93DBEEAC0080CC /* Pods-Dr.Gourmet.swiftUI-Dr.Gourmet.swiftUIUITests.release.xcconfig */;
			buildSettings = {
				ALWAYS_EMBED_SWIFT_STANDARD_LIBRARIES = "$(inherited)";
				CODE_SIGN_STYLE = Automatic;
				CURRENT_PROJECT_VERSION = 1;
				DEVELOPMENT_TEAM = WG887QB5A6;
				GENERATE_INFOPLIST_FILE = YES;
				MARKETING_VERSION = 1.0;
				PRODUCT_BUNDLE_IDENTIFIER = "kr.meng.Dr-Gourmet-swiftUIUITests";
				PRODUCT_NAME = "$(TARGET_NAME)";
				SWIFT_EMIT_LOC_STRINGS = NO;
				SWIFT_VERSION = 5.0;
				TARGETED_DEVICE_FAMILY = "1,2";
				TEST_TARGET_NAME = Dr.Gourmet.swiftUI;
			};
			name = Release;
		};
/* End XCBuildConfiguration section */

/* Begin XCConfigurationList section */
		3D67061028F5CA1100A84692 /* Build configuration list for PBXProject "Dr.Gourmet.swiftUI" */ = {
			isa = XCConfigurationList;
			buildConfigurations = (
				3D67063728F5CA1200A84692 /* Debug */,
				3D67063828F5CA1200A84692 /* Release */,
			);
			defaultConfigurationIsVisible = 0;
			defaultConfigurationName = Release;
		};
		3D67063928F5CA1200A84692 /* Build configuration list for PBXNativeTarget "Dr.Gourmet.swiftUI" */ = {
			isa = XCConfigurationList;
			buildConfigurations = (
				3D67063A28F5CA1200A84692 /* Debug */,
				3D67063B28F5CA1200A84692 /* Release */,
			);
			defaultConfigurationIsVisible = 0;
			defaultConfigurationName = Release;
		};
		3D67063C28F5CA1200A84692 /* Build configuration list for PBXNativeTarget "Dr.Gourmet.swiftUITests" */ = {
			isa = XCConfigurationList;
			buildConfigurations = (
				3D67063D28F5CA1200A84692 /* Debug */,
				3D67063E28F5CA1200A84692 /* Release */,
			);
			defaultConfigurationIsVisible = 0;
			defaultConfigurationName = Release;
		};
		3D67063F28F5CA1200A84692 /* Build configuration list for PBXNativeTarget "Dr.Gourmet.swiftUIUITests" */ = {
			isa = XCConfigurationList;
			buildConfigurations = (
				3D67064028F5CA1200A84692 /* Debug */,
				3D67064128F5CA1200A84692 /* Release */,
			);
			defaultConfigurationIsVisible = 0;
			defaultConfigurationName = Release;
		};
/* End XCConfigurationList section */
	};
	rootObject = 3D67060D28F5CA1100A84692 /* Project object */;
}
